// !$*UTF8*$!
{
	archiveVersion = 1;
	classes = {
	};
	objectVersion = 55;
	objects = {

/* Begin PBXBuildFile section */
		40ABAE7A2794947800BDE61E /* TCAListerApp.swift in Sources */ = {isa = PBXBuildFile; fileRef = 40ABAE792794947800BDE61E /* TCAListerApp.swift */; };
		40ABAE7C2794947800BDE61E /* ContentView.swift in Sources */ = {isa = PBXBuildFile; fileRef = 40ABAE7B2794947800BDE61E /* ContentView.swift */; };
		40ABAE7E2794947C00BDE61E /* Assets.xcassets in Resources */ = {isa = PBXBuildFile; fileRef = 40ABAE7D2794947C00BDE61E /* Assets.xcassets */; };
		40ABAE812794947C00BDE61E /* Preview Assets.xcassets in Resources */ = {isa = PBXBuildFile; fileRef = 40ABAE802794947C00BDE61E /* Preview Assets.xcassets */; };
		40ABAE8B2794947C00BDE61E /* TCAListerTests.swift in Sources */ = {isa = PBXBuildFile; fileRef = 40ABAE8A2794947C00BDE61E /* TCAListerTests.swift */; };
		40ABAE952794947D00BDE61E /* TCAListerUITests.swift in Sources */ = {isa = PBXBuildFile; fileRef = 40ABAE942794947D00BDE61E /* TCAListerUITests.swift */; };
		40ABAE972794947D00BDE61E /* TCAListerUITestsLaunchTests.swift in Sources */ = {isa = PBXBuildFile; fileRef = 40ABAE962794947D00BDE61E /* TCAListerUITestsLaunchTests.swift */; };
		40ABAEA52794953A00BDE61E /* ComposableArchitecture in Frameworks */ = {isa = PBXBuildFile; productRef = 40ABAEA42794953A00BDE61E /* ComposableArchitecture */; };
		40ABAEA827949DD000BDE61E /* CoreRequest.swift in Sources */ = {isa = PBXBuildFile; fileRef = 40ABAEA727949DD000BDE61E /* CoreRequest.swift */; };
/* End PBXBuildFile section */

/* Begin PBXContainerItemProxy section */
		40ABAE872794947C00BDE61E /* PBXContainerItemProxy */ = {
			isa = PBXContainerItemProxy;
			containerPortal = 40ABAE6E2794947800BDE61E /* Project object */;
			proxyType = 1;
			remoteGlobalIDString = 40ABAE752794947800BDE61E;
			remoteInfo = TCALister;
		};
		40ABAE912794947D00BDE61E /* PBXContainerItemProxy */ = {
			isa = PBXContainerItemProxy;
			containerPortal = 40ABAE6E2794947800BDE61E /* Project object */;
			proxyType = 1;
			remoteGlobalIDString = 40ABAE752794947800BDE61E;
			remoteInfo = TCALister;
		};
/* End PBXContainerItemProxy section */

/* Begin PBXFileReference section */
		40ABAE762794947800BDE61E /* TCALister.app */ = {isa = PBXFileReference; explicitFileType = wrapper.application; includeInIndex = 0; path = TCALister.app; sourceTree = BUILT_PRODUCTS_DIR; };
		40ABAE792794947800BDE61E /* TCAListerApp.swift */ = {isa = PBXFileReference; lastKnownFileType = sourcecode.swift; path = TCAListerApp.swift; sourceTree = "<group>"; };
		40ABAE7B2794947800BDE61E /* ContentView.swift */ = {isa = PBXFileReference; lastKnownFileType = sourcecode.swift; path = ContentView.swift; sourceTree = "<group>"; };
		40ABAE7D2794947C00BDE61E /* Assets.xcassets */ = {isa = PBXFileReference; lastKnownFileType = folder.assetcatalog; path = Assets.xcassets; sourceTree = "<group>"; };
		40ABAE802794947C00BDE61E /* Preview Assets.xcassets */ = {isa = PBXFileReference; lastKnownFileType = folder.assetcatalog; path = "Preview Assets.xcassets"; sourceTree = "<group>"; };
		40ABAE862794947C00BDE61E /* TCAListerTests.xctest */ = {isa = PBXFileReference; explicitFileType = wrapper.cfbundle; includeInIndex = 0; path = TCAListerTests.xctest; sourceTree = BUILT_PRODUCTS_DIR; };
		40ABAE8A2794947C00BDE61E /* TCAListerTests.swift */ = {isa = PBXFileReference; lastKnownFileType = sourcecode.swift; path = TCAListerTests.swift; sourceTree = "<group>"; };
		40ABAE902794947D00BDE61E /* TCAListerUITests.xctest */ = {isa = PBXFileReference; explicitFileType = wrapper.cfbundle; includeInIndex = 0; path = TCAListerUITests.xctest; sourceTree = BUILT_PRODUCTS_DIR; };
		40ABAE942794947D00BDE61E /* TCAListerUITests.swift */ = {isa = PBXFileReference; lastKnownFileType = sourcecode.swift; path = TCAListerUITests.swift; sourceTree = "<group>"; };
		40ABAE962794947D00BDE61E /* TCAListerUITestsLaunchTests.swift */ = {isa = PBXFileReference; lastKnownFileType = sourcecode.swift; path = TCAListerUITestsLaunchTests.swift; sourceTree = "<group>"; };
		40ABAEA727949DD000BDE61E /* CoreRequest.swift */ = {isa = PBXFileReference; lastKnownFileType = sourcecode.swift; path = CoreRequest.swift; sourceTree = "<group>"; };
/* End PBXFileReference section */

/* Begin PBXFrameworksBuildPhase section */
		40ABAE732794947800BDE61E /* Frameworks */ = {
			isa = PBXFrameworksBuildPhase;
			buildActionMask = 2147483647;
			files = (
				40ABAEA52794953A00BDE61E /* ComposableArchitecture in Frameworks */,
			);
			runOnlyForDeploymentPostprocessing = 0;
		};
		40ABAE832794947C00BDE61E /* Frameworks */ = {
			isa = PBXFrameworksBuildPhase;
			buildActionMask = 2147483647;
			files = (
			);
			runOnlyForDeploymentPostprocessing = 0;
		};
		40ABAE8D2794947D00BDE61E /* Frameworks */ = {
			isa = PBXFrameworksBuildPhase;
			buildActionMask = 2147483647;
			files = (
			);
			runOnlyForDeploymentPostprocessing = 0;
		};
/* End PBXFrameworksBuildPhase section */

/* Begin PBXGroup section */
		40ABAE6D2794947800BDE61E = {
			isa = PBXGroup;
			children = (
				40ABAE782794947800BDE61E /* TCALister */,
				40ABAE892794947C00BDE61E /* TCAListerTests */,
				40ABAE932794947D00BDE61E /* TCAListerUITests */,
				40ABAE772794947800BDE61E /* Products */,
			);
			sourceTree = "<group>";
		};
		40ABAE772794947800BDE61E /* Products */ = {
			isa = PBXGroup;
			children = (
				40ABAE762794947800BDE61E /* TCALister.app */,
				40ABAE862794947C00BDE61E /* TCAListerTests.xctest */,
				40ABAE902794947D00BDE61E /* TCAListerUITests.xctest */,
			);
			name = Products;
			sourceTree = "<group>";
		};
		40ABAE782794947800BDE61E /* TCALister */ = {
			isa = PBXGroup;
			children = (
				40ABAEA627949D4000BDE61E /* Model */,
				40ABAE792794947800BDE61E /* TCAListerApp.swift */,
				40ABAE7B2794947800BDE61E /* ContentView.swift */,
				40ABAE7D2794947C00BDE61E /* Assets.xcassets */,
				40ABAE7F2794947C00BDE61E /* Preview Content */,
			);
			path = TCALister;
			sourceTree = "<group>";
		};
		40ABAE7F2794947C00BDE61E /* Preview Content */ = {
			isa = PBXGroup;
			children = (
				40ABAE802794947C00BDE61E /* Preview Assets.xcassets */,
			);
			path = "Preview Content";
			sourceTree = "<group>";
		};
		40ABAE892794947C00BDE61E /* TCAListerTests */ = {
			isa = PBXGroup;
			children = (
				40ABAE8A2794947C00BDE61E /* TCAListerTests.swift */,
			);
			path = TCAListerTests;
			sourceTree = "<group>";
		};
		40ABAE932794947D00BDE61E /* TCAListerUITests */ = {
			isa = PBXGroup;
			children = (
				40ABAE942794947D00BDE61E /* TCAListerUITests.swift */,
				40ABAE962794947D00BDE61E /* TCAListerUITestsLaunchTests.swift */,
			);
			path = TCAListerUITests;
			sourceTree = "<group>";
		};
		40ABAEA627949D4000BDE61E /* Model */ = {
			isa = PBXGroup;
			children = (
				40ABAEA727949DD000BDE61E /* CoreRequest.swift */,
			);
			path = Model;
			sourceTree = "<group>";
		};
/* End PBXGroup section */

/* Begin PBXNativeTarget section */
		40ABAE752794947800BDE61E /* TCALister */ = {
			isa = PBXNativeTarget;
			buildConfigurationList = 40ABAE9A2794947D00BDE61E /* Build configuration list for PBXNativeTarget "TCALister" */;
			buildPhases = (
				40ABAE722794947800BDE61E /* Sources */,
				40ABAE732794947800BDE61E /* Frameworks */,
				40ABAE742794947800BDE61E /* Resources */,
			);
			buildRules = (
			);
			dependencies = (
			);
			name = TCALister;
			packageProductDependencies = (
				40ABAEA42794953A00BDE61E /* ComposableArchitecture */,
			);
			productName = TCALister;
			productReference = 40ABAE762794947800BDE61E /* TCALister.app */;
			productType = "com.apple.product-type.application";
		};
		40ABAE852794947C00BDE61E /* TCAListerTests */ = {
			isa = PBXNativeTarget;
			buildConfigurationList = 40ABAE9D2794947D00BDE61E /* Build configuration list for PBXNativeTarget "TCAListerTests" */;
			buildPhases = (
				40ABAE822794947C00BDE61E /* Sources */,
				40ABAE832794947C00BDE61E /* Frameworks */,
				40ABAE842794947C00BDE61E /* Resources */,
			);
			buildRules = (
			);
			dependencies = (
				40ABAE882794947C00BDE61E /* PBXTargetDependency */,
			);
			name = TCAListerTests;
			productName = TCAListerTests;
			productReference = 40ABAE862794947C00BDE61E /* TCAListerTests.xctest */;
			productType = "com.apple.product-type.bundle.unit-test";
		};
		40ABAE8F2794947D00BDE61E /* TCAListerUITests */ = {
			isa = PBXNativeTarget;
			buildConfigurationList = 40ABAEA02794947D00BDE61E /* Build configuration list for PBXNativeTarget "TCAListerUITests" */;
			buildPhases = (
				40ABAE8C2794947D00BDE61E /* Sources */,
				40ABAE8D2794947D00BDE61E /* Frameworks */,
				40ABAE8E2794947D00BDE61E /* Resources */,
			);
			buildRules = (
			);
			dependencies = (
				40ABAE922794947D00BDE61E /* PBXTargetDependency */,
			);
			name = TCAListerUITests;
			productName = TCAListerUITests;
			productReference = 40ABAE902794947D00BDE61E /* TCAListerUITests.xctest */;
			productType = "com.apple.product-type.bundle.ui-testing";
		};
/* End PBXNativeTarget section */

/* Begin PBXProject section */
		40ABAE6E2794947800BDE61E /* Project object */ = {
			isa = PBXProject;
			attributes = {
				BuildIndependentTargetsInParallel = 1;
				LastSwiftUpdateCheck = 1320;
				LastUpgradeCheck = 1320;
				TargetAttributes = {
					40ABAE752794947800BDE61E = {
						CreatedOnToolsVersion = 13.2.1;
					};
					40ABAE852794947C00BDE61E = {
						CreatedOnToolsVersion = 13.2.1;
						TestTargetID = 40ABAE752794947800BDE61E;
					};
					40ABAE8F2794947D00BDE61E = {
						CreatedOnToolsVersion = 13.2.1;
						TestTargetID = 40ABAE752794947800BDE61E;
					};
				};
			};
			buildConfigurationList = 40ABAE712794947800BDE61E /* Build configuration list for PBXProject "TCALister" */;
			compatibilityVersion = "Xcode 13.0";
			developmentRegion = en;
			hasScannedForEncodings = 0;
			knownRegions = (
				en,
				Base,
			);
			mainGroup = 40ABAE6D2794947800BDE61E;
			packageReferences = (
				40ABAEA32794953A00BDE61E /* XCRemoteSwiftPackageReference "swift-composable-architecture" */,
			);
			productRefGroup = 40ABAE772794947800BDE61E /* Products */;
			projectDirPath = "";
			projectRoot = "";
			targets = (
				40ABAE752794947800BDE61E /* TCALister */,
				40ABAE852794947C00BDE61E /* TCAListerTests */,
				40ABAE8F2794947D00BDE61E /* TCAListerUITests */,
			);
		};
/* End PBXProject section */

/* Begin PBXResourcesBuildPhase section */
		40ABAE742794947800BDE61E /* Resources */ = {
			isa = PBXResourcesBuildPhase;
			buildActionMask = 2147483647;
			files = (
				40ABAE812794947C00BDE61E /* Preview Assets.xcassets in Resources */,
				40ABAE7E2794947C00BDE61E /* Assets.xcassets in Resources */,
			);
			runOnlyForDeploymentPostprocessing = 0;
		};
		40ABAE842794947C00BDE61E /* Resources */ = {
			isa = PBXResourcesBuildPhase;
			buildActionMask = 2147483647;
			files = (
			);
			runOnlyForDeploymentPostprocessing = 0;
		};
		40ABAE8E2794947D00BDE61E /* Resources */ = {
			isa = PBXResourcesBuildPhase;
			buildActionMask = 2147483647;
			files = (
			);
			runOnlyForDeploymentPostprocessing = 0;
		};
/* End PBXResourcesBuildPhase section */

/* Begin PBXSourcesBuildPhase section */
		40ABAE722794947800BDE61E /* Sources */ = {
			isa = PBXSourcesBuildPhase;
			buildActionMask = 2147483647;
			files = (
				40ABAE7C2794947800BDE61E /* ContentView.swift in Sources */,
				40ABAE7A2794947800BDE61E /* TCAListerApp.swift in Sources */,
				40ABAEA827949DD000BDE61E /* CoreRequest.swift in Sources */,
			);
			runOnlyForDeploymentPostprocessing = 0;
		};
		40ABAE822794947C00BDE61E /* Sources */ = {
			isa = PBXSourcesBuildPhase;
			buildActionMask = 2147483647;
			files = (
				40ABAE8B2794947C00BDE61E /* TCAListerTests.swift in Sources */,
			);
			runOnlyForDeploymentPostprocessing = 0;
		};
		40ABAE8C2794947D00BDE61E /* Sources */ = {
			isa = PBXSourcesBuildPhase;
			buildActionMask = 2147483647;
			files = (
				40ABAE972794947D00BDE61E /* TCAListerUITestsLaunchTests.swift in Sources */,
				40ABAE952794947D00BDE61E /* TCAListerUITests.swift in Sources */,
			);
			runOnlyForDeploymentPostprocessing = 0;
		};
/* End PBXSourcesBuildPhase section */

/* Begin PBXTargetDependency section */
		40ABAE882794947C00BDE61E /* PBXTargetDependency */ = {
			isa = PBXTargetDependency;
			target = 40ABAE752794947800BDE61E /* TCALister */;
			targetProxy = 40ABAE872794947C00BDE61E /* PBXContainerItemProxy */;
		};
		40ABAE922794947D00BDE61E /* PBXTargetDependency */ = {
			isa = PBXTargetDependency;
			target = 40ABAE752794947800BDE61E /* TCALister */;
			targetProxy = 40ABAE912794947D00BDE61E /* PBXContainerItemProxy */;
		};
/* End PBXTargetDependency section */

/* Begin XCBuildConfiguration section */
		40ABAE982794947D00BDE61E /* Debug */ = {
			isa = XCBuildConfiguration;
			buildSettings = {
				ALWAYS_SEARCH_USER_PATHS = NO;
				CLANG_ANALYZER_NONNULL = YES;
				CLANG_ANALYZER_NUMBER_OBJECT_CONVERSION = YES_AGGRESSIVE;
				CLANG_CXX_LANGUAGE_STANDARD = "gnu++17";
				CLANG_CXX_LIBRARY = "libc++";
				CLANG_ENABLE_MODULES = YES;
				CLANG_ENABLE_OBJC_ARC = YES;
				CLANG_ENABLE_OBJC_WEAK = YES;
				CLANG_WARN_BLOCK_CAPTURE_AUTORELEASING = YES;
				CLANG_WARN_BOOL_CONVERSION = YES;
				CLANG_WARN_COMMA = YES;
				CLANG_WARN_CONSTANT_CONVERSION = YES;
				CLANG_WARN_DEPRECATED_OBJC_IMPLEMENTATIONS = YES;
				CLANG_WARN_DIRECT_OBJC_ISA_USAGE = YES_ERROR;
				CLANG_WARN_DOCUMENTATION_COMMENTS = YES;
				CLANG_WARN_EMPTY_BODY = YES;
				CLANG_WARN_ENUM_CONVERSION = YES;
				CLANG_WARN_INFINITE_RECURSION = YES;
				CLANG_WARN_INT_CONVERSION = YES;
				CLANG_WARN_NON_LITERAL_NULL_CONVERSION = YES;
				CLANG_WARN_OBJC_IMPLICIT_RETAIN_SELF = YES;
				CLANG_WARN_OBJC_LITERAL_CONVERSION = YES;
				CLANG_WARN_OBJC_ROOT_CLASS = YES_ERROR;
				CLANG_WARN_QUOTED_INCLUDE_IN_FRAMEWORK_HEADER = YES;
				CLANG_WARN_RANGE_LOOP_ANALYSIS = YES;
				CLANG_WARN_STRICT_PROTOTYPES = YES;
				CLANG_WARN_SUSPICIOUS_MOVE = YES;
				CLANG_WARN_UNGUARDED_AVAILABILITY = YES_AGGRESSIVE;
				CLANG_WARN_UNREACHABLE_CODE = YES;
				CLANG_WARN__DUPLICATE_METHOD_MATCH = YES;
				COPY_PHASE_STRIP = NO;
				DEBUG_INFORMATION_FORMAT = dwarf;
				ENABLE_STRICT_OBJC_MSGSEND = YES;
				ENABLE_TESTABILITY = YES;
				GCC_C_LANGUAGE_STANDARD = gnu11;
				GCC_DYNAMIC_NO_PIC = NO;
				GCC_NO_COMMON_BLOCKS = YES;
				GCC_OPTIMIZATION_LEVEL = 0;
				GCC_PREPROCESSOR_DEFINITIONS = (
					"DEBUG=1",
					"$(inherited)",
				);
				GCC_WARN_64_TO_32_BIT_CONVERSION = YES;
				GCC_WARN_ABOUT_RETURN_TYPE = YES_ERROR;
				GCC_WARN_UNDECLARED_SELECTOR = YES;
				GCC_WARN_UNINITIALIZED_AUTOS = YES_AGGRESSIVE;
				GCC_WARN_UNUSED_FUNCTION = YES;
				GCC_WARN_UNUSED_VARIABLE = YES;
				IPHONEOS_DEPLOYMENT_TARGET = 15.2;
				MTL_ENABLE_DEBUG_INFO = INCLUDE_SOURCE;
				MTL_FAST_MATH = YES;
				ONLY_ACTIVE_ARCH = YES;
				SDKROOT = iphoneos;
				SWIFT_ACTIVE_COMPILATION_CONDITIONS = DEBUG;
				SWIFT_OPTIMIZATION_LEVEL = "-Onone";
			};
			name = Debug;
		};
		40ABAE992794947D00BDE61E /* Release */ = {
			isa = XCBuildConfiguration;
			buildSettings = {
				ALWAYS_SEARCH_USER_PATHS = NO;
				CLANG_ANALYZER_NONNULL = YES;
				CLANG_ANALYZER_NUMBER_OBJECT_CONVERSION = YES_AGGRESSIVE;
				CLANG_CXX_LANGUAGE_STANDARD = "gnu++17";
				CLANG_CXX_LIBRARY = "libc++";
				CLANG_ENABLE_MODULES = YES;
				CLANG_ENABLE_OBJC_ARC = YES;
				CLANG_ENABLE_OBJC_WEAK = YES;
				CLANG_WARN_BLOCK_CAPTURE_AUTORELEASING = YES;
				CLANG_WARN_BOOL_CONVERSION = YES;
				CLANG_WARN_COMMA = YES;
				CLANG_WARN_CONSTANT_CONVERSION = YES;
				CLANG_WARN_DEPRECATED_OBJC_IMPLEMENTATIONS = YES;
				CLANG_WARN_DIRECT_OBJC_ISA_USAGE = YES_ERROR;
				CLANG_WARN_DOCUMENTATION_COMMENTS = YES;
				CLANG_WARN_EMPTY_BODY = YES;
				CLANG_WARN_ENUM_CONVERSION = YES;
				CLANG_WARN_INFINITE_RECURSION = YES;
				CLANG_WARN_INT_CONVERSION = YES;
				CLANG_WARN_NON_LITERAL_NULL_CONVERSION = YES;
				CLANG_WARN_OBJC_IMPLICIT_RETAIN_SELF = YES;
				CLANG_WARN_OBJC_LITERAL_CONVERSION = YES;
				CLANG_WARN_OBJC_ROOT_CLASS = YES_ERROR;
				CLANG_WARN_QUOTED_INCLUDE_IN_FRAMEWORK_HEADER = YES;
				CLANG_WARN_RANGE_LOOP_ANALYSIS = YES;
				CLANG_WARN_STRICT_PROTOTYPES = YES;
				CLANG_WARN_SUSPICIOUS_MOVE = YES;
				CLANG_WARN_UNGUARDED_AVAILABILITY = YES_AGGRESSIVE;
				CLANG_WARN_UNREACHABLE_CODE = YES;
				CLANG_WARN__DUPLICATE_METHOD_MATCH = YES;
				COPY_PHASE_STRIP = NO;
				DEBUG_INFORMATION_FORMAT = "dwarf-with-dsym";
				ENABLE_NS_ASSERTIONS = NO;
				ENABLE_STRICT_OBJC_MSGSEND = YES;
				GCC_C_LANGUAGE_STANDARD = gnu11;
				GCC_NO_COMMON_BLOCKS = YES;
				GCC_WARN_64_TO_32_BIT_CONVERSION = YES;
				GCC_WARN_ABOUT_RETURN_TYPE = YES_ERROR;
				GCC_WARN_UNDECLARED_SELECTOR = YES;
				GCC_WARN_UNINITIALIZED_AUTOS = YES_AGGRESSIVE;
				GCC_WARN_UNUSED_FUNCTION = YES;
				GCC_WARN_UNUSED_VARIABLE = YES;
				IPHONEOS_DEPLOYMENT_TARGET = 15.2;
				MTL_ENABLE_DEBUG_INFO = NO;
				MTL_FAST_MATH = YES;
				SDKROOT = iphoneos;
				SWIFT_COMPILATION_MODE = wholemodule;
				SWIFT_OPTIMIZATION_LEVEL = "-O";
				VALIDATE_PRODUCT = YES;
			};
			name = Release;
		};
		40ABAE9B2794947D00BDE61E /* Debug */ = {
			isa = XCBuildConfiguration;
			buildSettings = {
				ASSETCATALOG_COMPILER_APPICON_NAME = AppIcon;
				ASSETCATALOG_COMPILER_GLOBAL_ACCENT_COLOR_NAME = AccentColor;
				CODE_SIGN_STYLE = Automatic;
				CURRENT_PROJECT_VERSION = 1;
				DEVELOPMENT_ASSET_PATHS = "\"TCALister/Preview Content\"";
				DEVELOPMENT_TEAM = 9K77RMYK7D;
				ENABLE_PREVIEWS = YES;
				GENERATE_INFOPLIST_FILE = YES;
				INFOPLIST_KEY_UIApplicationSceneManifest_Generation = YES;
				INFOPLIST_KEY_UIApplicationSupportsIndirectInputEvents = YES;
				INFOPLIST_KEY_UILaunchScreen_Generation = YES;
				INFOPLIST_KEY_UISupportedInterfaceOrientations_iPad = "UIInterfaceOrientationPortrait UIInterfaceOrientationPortraitUpsideDown UIInterfaceOrientationLandscapeLeft UIInterfaceOrientationLandscapeRight";
				INFOPLIST_KEY_UISupportedInterfaceOrientations_iPhone = "UIInterfaceOrientationPortrait UIInterfaceOrientationLandscapeLeft UIInterfaceOrientationLandscapeRight";
				LD_RUNPATH_SEARCH_PATHS = (
					"$(inherited)",
					"@executable_path/Frameworks",
				);
				MARKETING_VERSION = 1.0;
				PRODUCT_BUNDLE_IDENTIFIER = com.neontri.TCALister;
				PRODUCT_NAME = "$(TARGET_NAME)";
				SWIFT_EMIT_LOC_STRINGS = YES;
				SWIFT_VERSION = 5.0;
				TARGETED_DEVICE_FAMILY = "1,2";
			};
			name = Debug;
		};
		40ABAE9C2794947D00BDE61E /* Release */ = {
			isa = XCBuildConfiguration;
			buildSettings = {
				ASSETCATALOG_COMPILER_APPICON_NAME = AppIcon;
				ASSETCATALOG_COMPILER_GLOBAL_ACCENT_COLOR_NAME = AccentColor;
				CODE_SIGN_STYLE = Automatic;
				CURRENT_PROJECT_VERSION = 1;
				DEVELOPMENT_ASSET_PATHS = "\"TCALister/Preview Content\"";
				DEVELOPMENT_TEAM = 9K77RMYK7D;
				ENABLE_PREVIEWS = YES;
				GENERATE_INFOPLIST_FILE = YES;
				INFOPLIST_KEY_UIApplicationSceneManifest_Generation = YES;
				INFOPLIST_KEY_UIApplicationSupportsIndirectInputEvents = YES;
				INFOPLIST_KEY_UILaunchScreen_Generation = YES;
				INFOPLIST_KEY_UISupportedInterfaceOrientations_iPad = "UIInterfaceOrientationPortrait UIInterfaceOrientationPortraitUpsideDown UIInterfaceOrientationLandscapeLeft UIInterfaceOrientationLandscapeRight";
				INFOPLIST_KEY_UISupportedInterfaceOrientations_iPhone = "UIInterfaceOrientationPortrait UIInterfaceOrientationLandscapeLeft UIInterfaceOrientationLandscapeRight";
				LD_RUNPATH_SEARCH_PATHS = (
					"$(inherited)",
					"@executable_path/Frameworks",
				);
				MARKETING_VERSION = 1.0;
				PRODUCT_BUNDLE_IDENTIFIER = com.neontri.TCALister;
				PRODUCT_NAME = "$(TARGET_NAME)";
				SWIFT_EMIT_LOC_STRINGS = YES;
				SWIFT_VERSION = 5.0;
				TARGETED_DEVICE_FAMILY = "1,2";
			};
			name = Release;
		};
		40ABAE9E2794947D00BDE61E /* Debug */ = {
			isa = XCBuildConfiguration;
			buildSettings = {
				ALWAYS_EMBED_SWIFT_STANDARD_LIBRARIES = YES;
				BUNDLE_LOADER = "$(TEST_HOST)";
				CODE_SIGN_STYLE = Automatic;
				CURRENT_PROJECT_VERSION = 1;
				DEVELOPMENT_TEAM = 9K77RMYK7D;
				GENERATE_INFOPLIST_FILE = YES;
				IPHONEOS_DEPLOYMENT_TARGET = 15.2;
				MARKETING_VERSION = 1.0;
				PRODUCT_BUNDLE_IDENTIFIER = com.neontri.TCAListerTests;
				PRODUCT_NAME = "$(TARGET_NAME)";
				SWIFT_EMIT_LOC_STRINGS = NO;
				SWIFT_VERSION = 5.0;
				TARGETED_DEVICE_FAMILY = "1,2";
				TEST_HOST = "$(BUILT_PRODUCTS_DIR)/TCALister.app/TCALister";
			};
			name = Debug;
		};
		40ABAE9F2794947D00BDE61E /* Release */ = {
			isa = XCBuildConfiguration;
			buildSettings = {
				ALWAYS_EMBED_SWIFT_STANDARD_LIBRARIES = YES;
				BUNDLE_LOADER = "$(TEST_HOST)";
				CODE_SIGN_STYLE = Automatic;
				CURRENT_PROJECT_VERSION = 1;
				DEVELOPMENT_TEAM = 9K77RMYK7D;
				GENERATE_INFOPLIST_FILE = YES;
				IPHONEOS_DEPLOYMENT_TARGET = 15.2;
				MARKETING_VERSION = 1.0;
				PRODUCT_BUNDLE_IDENTIFIER = com.neontri.TCAListerTests;
				PRODUCT_NAME = "$(TARGET_NAME)";
				SWIFT_EMIT_LOC_STRINGS = NO;
				SWIFT_VERSION = 5.0;
				TARGETED_DEVICE_FAMILY = "1,2";
				TEST_HOST = "$(BUILT_PRODUCTS_DIR)/TCALister.app/TCALister";
			};
			name = Release;
		};
		40ABAEA12794947D00BDE61E /* Debug */ = {
			isa = XCBuildConfiguration;
			buildSettings = {
				ALWAYS_EMBED_SWIFT_STANDARD_LIBRARIES = YES;
				CODE_SIGN_STYLE = Automatic;
				CURRENT_PROJECT_VERSION = 1;
				DEVELOPMENT_TEAM = 9K77RMYK7D;
				GENERATE_INFOPLIST_FILE = YES;
				MARKETING_VERSION = 1.0;
				PRODUCT_BUNDLE_IDENTIFIER = com.neontri.TCAListerUITests;
				PRODUCT_NAME = "$(TARGET_NAME)";
				SWIFT_EMIT_LOC_STRINGS = NO;
				SWIFT_VERSION = 5.0;
				TARGETED_DEVICE_FAMILY = "1,2";
				TEST_TARGET_NAME = TCALister;
			};
			name = Debug;
		};
		40ABAEA22794947D00BDE61E /* Release */ = {
			isa = XCBuildConfiguration;
			buildSettings = {
				ALWAYS_EMBED_SWIFT_STANDARD_LIBRARIES = YES;
				CODE_SIGN_STYLE = Automatic;
				CURRENT_PROJECT_VERSION = 1;
				DEVELOPMENT_TEAM = 9K77RMYK7D;
				GENERATE_INFOPLIST_FILE = YES;
				MARKETING_VERSION = 1.0;
				PRODUCT_BUNDLE_IDENTIFIER = com.neontri.TCAListerUITests;
				PRODUCT_NAME = "$(TARGET_NAME)";
				SWIFT_EMIT_LOC_STRINGS = NO;
				SWIFT_VERSION = 5.0;
				TARGETED_DEVICE_FAMILY = "1,2";
				TEST_TARGET_NAME = TCALister;
			};
			name = Release;
		};
/* End XCBuildConfiguration section */

/* Begin XCConfigurationList section */
		40ABAE712794947800BDE61E /* Build configuration list for PBXProject "TCALister" */ = {
			isa = XCConfigurationList;
			buildConfigurations = (
				40ABAE982794947D00BDE61E /* Debug */,
				40ABAE992794947D00BDE61E /* Release */,
			);
			defaultConfigurationIsVisible = 0;
			defaultConfigurationName = Release;
		};
		40ABAE9A2794947D00BDE61E /* Build configuration list for PBXNativeTarget "TCALister" */ = {
			isa = XCConfigurationList;
			buildConfigurations = (
				40ABAE9B2794947D00BDE61E /* Debug */,
				40ABAE9C2794947D00BDE61E /* Release */,
			);
			defaultConfigurationIsVisible = 0;
			defaultConfigurationName = Release;
		};
		40ABAE9D2794947D00BDE61E /* Build configuration list for PBXNativeTarget "TCAListerTests" */ = {
			isa = XCConfigurationList;
			buildConfigurations = (
				40ABAE9E2794947D00BDE61E /* Debug */,
				40ABAE9F2794947D00BDE61E /* Release */,
			);
			defaultConfigurationIsVisible = 0;
			defaultConfigurationName = Release;
		};
		40ABAEA02794947D00BDE61E /* Build configuration list for PBXNativeTarget "TCAListerUITests" */ = {
			isa = XCConfigurationList;
			buildConfigurations = (
				40ABAEA12794947D00BDE61E /* Debug */,
				40ABAEA22794947D00BDE61E /* Release */,
			);
			defaultConfigurationIsVisible = 0;
			defaultConfigurationName = Release;
		};
/* End XCConfigurationList section */

/* Begin XCRemoteSwiftPackageReference section */
		40ABAEA32794953A00BDE61E /* XCRemoteSwiftPackageReference "swift-composable-architecture" */ = {
			isa = XCRemoteSwiftPackageReference;
			repositoryURL = "https://github.com/pointfreeco/swift-composable-architecture";
			requirement = {
				branch = main;
				kind = branch;
			};
		};
/* End XCRemoteSwiftPackageReference section */

/* Begin XCSwiftPackageProductDependency section */
		40ABAEA42794953A00BDE61E /* ComposableArchitecture */ = {
			isa = XCSwiftPackageProductDependency;
			package = 40ABAEA32794953A00BDE61E /* XCRemoteSwiftPackageReference "swift-composable-architecture" */;
			productName = ComposableArchitecture;
		};
/* End XCSwiftPackageProductDependency section */
	};
	rootObject = 40ABAE6E2794947800BDE61E /* Project object */;
}
